
Microsoft Visual Studio Solution File, Format Version 12.00
# Visual Studio Version 17
VisualStudioVersion = 17.1.32319.34
MinimumVisualStudioVersion = 10.0.40219.1
Project("{9A19103F-16F7-4668-BE54-9A1E7A4F7556}") = "ContactsApp.Models", "ContactsApp.Models\ContactsApp.Models.csproj", "{B087CCF9-A271-4722-80F3-5284F9364600}"
EndProject
Project("{FAE04EC0-301F-11D3-BF4B-00C04F79EFBC}") = "ContactsApp.View", "ContactsApp.View\ContactsApp.View.csproj", "{77AA98A9-B391-4857-825F-32E1CEAB3A7D}"
EndProject
Global
	GlobalSection(SolutionConfigurationPlatforms) = preSolution
		Debug|Any CPU = Debug|Any CPU
		Release|Any CPU = Release|Any CPU
	EndGlobalSection
	GlobalSection(ProjectConfigurationPlatforms) = postSolution
		{B087CCF9-A271-4722-80F3-5284F9364600}.Debug|Any CPU.ActiveCfg = Debug|Any CPU
		{B087CCF9-A271-4722-80F3-5284F9364600}.Debug|Any CPU.Build.0 = Debug|Any CPU
		{B087CCF9-A271-4722-80F3-5284F9364600}.Release|Any CPU.ActiveCfg = Release|Any CPU
		{B087CCF9-A271-4722-80F3-5284F9364600}.Release|Any CPU.Build.0 = Release|Any CPU
		{77AA98A9-B391-4857-825F-32E1CEAB3A7D}.Debug|Any CPU.ActiveCfg = Debug|Any CPU
		{77AA98A9-B391-4857-825F-32E1CEAB3A7D}.Debug|Any CPU.Build.0 = Debug|Any CPU
		{77AA98A9-B391-4857-825F-32E1CEAB3A7D}.Release|Any CPU.ActiveCfg = Release|Any CPU
		{77AA98A9-B391-4857-825F-32E1CEAB3A7D}.Release|Any CPU.Build.0 = Release|Any CPU
	EndGlobalSection
	GlobalSection(SolutionProperties) = preSolution
		HideSolutionNode = FALSE
	EndGlobalSection
	GlobalSection(ExtensibilityGlobals) = postSolution
		SolutionGuid = {F442B25A-79B1-4D63-8988-157BC5608668}
	EndGlobalSection
EndGlobal
